
Microsoft Visual Studio Solution File, Format Version 12.00
# Visual Studio 15
VisualStudioVersion = 15.0.27004.2005
MinimumVisualStudioVersion = 10.0.40219.1
Project("{262852C6-CD72-467D-83FE-5EEB1973A190}") = "CordovaApp", "CordovaApp\CordovaApp.jsproj", "{1A715F17-6982-4528-AA1B-9153B49E1923}"
EndProject
Global
	GlobalSection(SolutionConfigurationPlatforms) = preSolution
		Debug|Android = Debug|Android
		Debug|iOS = Debug|iOS
		Debug|Windows-ARM = Debug|Windows-ARM
		Debug|Windows-x64 = Debug|Windows-x64
		Debug|Windows-x86 = Debug|Windows-x86
		Release|Android = Release|Android
		Release|iOS = Release|iOS
		Release|Windows-ARM = Release|Windows-ARM
		Release|Windows-x64 = Release|Windows-x64
		Release|Windows-x86 = Release|Windows-x86
	EndGlobalSection
	GlobalSection(ProjectConfigurationPlatforms) = postSolution
		{1A715F17-6982-4528-AA1B-9153B49E1923}.Debug|Android.ActiveCfg = Debug|Android
		{1A715F17-6982-4528-AA1B-9153B49E1923}.Debug|Android.Build.0 = Debug|Android
		{1A715F17-6982-4528-AA1B-9153B49E1923}.Debug|Android.Deploy.0 = Debug|Android
		{1A715F17-6982-4528-AA1B-9153B49E1923}.Debug|iOS.ActiveCfg = Debug|iOS
		{1A715F17-6982-4528-AA1B-9153B49E1923}.Debug|iOS.Build.0 = Debug|iOS
		{1A715F17-6982-4528-AA1B-9153B49E1923}.Debug|iOS.Deploy.0 = Debug|iOS
		{1A715F17-6982-4528-AA1B-9153B49E1923}.Debug|Windows-ARM.ActiveCfg = Debug|Windows-ARM
		{1A715F17-6982-4528-AA1B-9153B49E1923}.Debug|Windows-ARM.Build.0 = Debug|Windows-ARM
		{1A715F17-6982-4528-AA1B-9153B49E1923}.Debug|Windows-ARM.Deploy.0 = Debug|Windows-ARM
		{1A715F17-6982-4528-AA1B-9153B49E1923}.Debug|Windows-x64.ActiveCfg = Debug|Windows-x64
		{1A715F17-6982-4528-AA1B-9153B49E1923}.Debug|Windows-x64.Build.0 = Debug|Windows-x64
		{1A715F17-6982-4528-AA1B-9153B49E1923}.Debug|Windows-x64.Deploy.0 = Debug|Windows-x64
		{1A715F17-6982-4528-AA1B-9153B49E1923}.Debug|Windows-x86.ActiveCfg = Debug|Windows-x86
		{1A715F17-6982-4528-AA1B-9153B49E1923}.Debug|Windows-x86.Build.0 = Debug|Windows-x86
		{1A715F17-6982-4528-AA1B-9153B49E1923}.Debug|Windows-x86.Deploy.0 = Debug|Windows-x86
		{1A715F17-6982-4528-AA1B-9153B49E1923}.Release|Android.ActiveCfg = Release|Android
		{1A715F17-6982-4528-AA1B-9153B49E1923}.Release|Android.Build.0 = Release|Android
		{1A715F17-6982-4528-AA1B-9153B49E1923}.Release|Android.Deploy.0 = Release|Android
		{1A715F17-6982-4528-AA1B-9153B49E1923}.Release|iOS.ActiveCfg = Release|iOS
		{1A715F17-6982-4528-AA1B-9153B49E1923}.Release|iOS.Build.0 = Release|iOS
		{1A715F17-6982-4528-AA1B-9153B49E1923}.Release|iOS.Deploy.0 = Release|iOS
		{1A715F17-6982-4528-AA1B-9153B49E1923}.Release|Windows-ARM.ActiveCfg = Release|Windows-ARM
		{1A715F17-6982-4528-AA1B-9153B49E1923}.Release|Windows-ARM.Build.0 = Release|Windows-ARM
		{1A715F17-6982-4528-AA1B-9153B49E1923}.Release|Windows-ARM.Deploy.0 = Release|Windows-ARM
		{1A715F17-6982-4528-AA1B-9153B49E1923}.Release|Windows-x64.ActiveCfg = Release|Windows-x64
		{1A715F17-6982-4528-AA1B-9153B49E1923}.Release|Windows-x64.Build.0 = Release|Windows-x64
		{1A715F17-6982-4528-AA1B-9153B49E1923}.Release|Windows-x64.Deploy.0 = Release|Windows-x64
		{1A715F17-6982-4528-AA1B-9153B49E1923}.Release|Windows-x86.ActiveCfg = Release|Windows-x86
		{1A715F17-6982-4528-AA1B-9153B49E1923}.Release|Windows-x86.Build.0 = Release|Windows-x86
		{1A715F17-6982-4528-AA1B-9153B49E1923}.Release|Windows-x86.Deploy.0 = Release|Windows-x86
	EndGlobalSection
	GlobalSection(SolutionProperties) = preSolution
		HideSolutionNode = FALSE
	EndGlobalSection
	GlobalSection(ExtensibilityGlobals) = postSolution
		SolutionGuid = {7AE50679-BD52-4521-BB58-1263C9F92D9A}
	EndGlobalSection
EndGlobal
